// !$*UTF8*$!
{
	archiveVersion = 1;
	classes = {
	};
	objectVersion = 50;
	objects = {

/* Begin PBXBuildFile section */
		7472E97F21FEC07A00E15E6B /* bensound-highoctane.mp3 in Resources */ = {isa = PBXBuildFile; fileRef = 7472E97E21FEC07A00E15E6B /* bensound-highoctane.mp3 */; };
		74D77D0721C8452100E45C68 /* AppDelegate.swift in Sources */ = {isa = PBXBuildFile; fileRef = 74D77D0621C8452100E45C68 /* AppDelegate.swift */; };
		74D77D0921C8452100E45C68 /* GameScene.sks in Resources */ = {isa = PBXBuildFile; fileRef = 74D77D0821C8452100E45C68 /* GameScene.sks */; };
		74D77D0B21C8452100E45C68 /* Actions.sks in Resources */ = {isa = PBXBuildFile; fileRef = 74D77D0A21C8452100E45C68 /* Actions.sks */; };
		74D77D0D21C8452100E45C68 /* GameScene.swift in Sources */ = {isa = PBXBuildFile; fileRef = 74D77D0C21C8452100E45C68 /* GameScene.swift */; };
		74D77D0F21C8452100E45C68 /* GameViewController.swift in Sources */ = {isa = PBXBuildFile; fileRef = 74D77D0E21C8452100E45C68 /* GameViewController.swift */; };
		74D77D1221C8452100E45C68 /* Main.storyboard in Resources */ = {isa = PBXBuildFile; fileRef = 74D77D1021C8452100E45C68 /* Main.storyboard */; };
		74D77D1421C8452200E45C68 /* Assets.xcassets in Resources */ = {isa = PBXBuildFile; fileRef = 74D77D1321C8452200E45C68 /* Assets.xcassets */; };
		74D77D1721C8452200E45C68 /* LaunchScreen.storyboard in Resources */ = {isa = PBXBuildFile; fileRef = 74D77D1521C8452200E45C68 /* LaunchScreen.storyboard */; };
		74D77D2221C8452200E45C68 /* ToraToraTests.swift in Sources */ = {isa = PBXBuildFile; fileRef = 74D77D2121C8452200E45C68 /* ToraToraTests.swift */; };
		74D77D2D21C8452200E45C68 /* ToraToraUITests.swift in Sources */ = {isa = PBXBuildFile; fileRef = 74D77D2C21C8452200E45C68 /* ToraToraUITests.swift */; };
		74D77D3B21C8D85700E45C68 /* TitleScene.swift in Sources */ = {isa = PBXBuildFile; fileRef = 74D77D3A21C8D85700E45C68 /* TitleScene.swift */; };
		74D77D3D21C8D89000E45C68 /* TitleScene.sks in Resources */ = {isa = PBXBuildFile; fileRef = 74D77D3C21C8D89000E45C68 /* TitleScene.sks */; };
		74D77D4D21CC4FF200E45C68 /* gunshot.mp3 in Resources */ = {isa = PBXBuildFile; fileRef = 74D77D4C21CC4FF200E45C68 /* gunshot.mp3 */; };
		74D77D4F21CC518500E45C68 /* explosion.wav in Resources */ = {isa = PBXBuildFile; fileRef = 74D77D4E21CC518500E45C68 /* explosion.wav */; };
		74D77D5121CC545600E45C68 /* missile01.mp3 in Resources */ = {isa = PBXBuildFile; fileRef = 74D77D5021CC545600E45C68 /* missile01.mp3 */; };
		74D77D5321CC555C00E45C68 /* missile02.mp3 in Resources */ = {isa = PBXBuildFile; fileRef = 74D77D5221CC555C00E45C68 /* missile02.mp3 */; };
		74D77D5521D189D300E45C68 /* Constants.swift in Sources */ = {isa = PBXBuildFile; fileRef = 74D77D5421D189D300E45C68 /* Constants.swift */; };
		74D77D5721D18C2D00E45C68 /* PlayerNode.swift in Sources */ = {isa = PBXBuildFile; fileRef = 74D77D5621D18C2D00E45C68 /* PlayerNode.swift */; };
		74D77D5921D196CE00E45C68 /* PlayerProjectileNode.swift in Sources */ = {isa = PBXBuildFile; fileRef = 74D77D5821D196CE00E45C68 /* PlayerProjectileNode.swift */; };
		74D77D5B21D19FC600E45C68 /* BattleShipNode.swift in Sources */ = {isa = PBXBuildFile; fileRef = 74D77D5A21D19FC600E45C68 /* BattleShipNode.swift */; };
		74D77D5D21D1A0FF00E45C68 /* EnemyExplosionNode.swift in Sources */ = {isa = PBXBuildFile; fileRef = 74D77D5C21D1A0FF00E45C68 /* EnemyExplosionNode.swift */; };
		74D77D5F21D1A1D000E45C68 /* EnemyProjectileNode.swift in Sources */ = {isa = PBXBuildFile; fileRef = 74D77D5E21D1A1D000E45C68 /* EnemyProjectileNode.swift */; };
		74D77D6121D1A2D100E45C68 /* BattleShipProjectileNode.swift in Sources */ = {isa = PBXBuildFile; fileRef = 74D77D6021D1A2D100E45C68 /* BattleShipProjectileNode.swift */; };
		74D77D6321D1A39D00E45C68 /* EnemyGermanPlaneNode.swift in Sources */ = {isa = PBXBuildFile; fileRef = 74D77D6221D1A39D00E45C68 /* EnemyGermanPlaneNode.swift */; };
		74D77D6521D1A44A00E45C68 /* EnemyAmericanPlaneNode.swift in Sources */ = {isa = PBXBuildFile; fileRef = 74D77D6421D1A44A00E45C68 /* EnemyAmericanPlaneNode.swift */; };
		74D77D6721D448BB00E45C68 /* Hittable.swift in Sources */ = {isa = PBXBuildFile; fileRef = 74D77D6621D448BB00E45C68 /* Hittable.swift */; };
		74D77D6921D44CA600E45C68 /* Destroyable.swift in Sources */ = {isa = PBXBuildFile; fileRef = 74D77D6821D44CA600E45C68 /* Destroyable.swift */; };
		74D77D6B21D459AC00E45C68 /* BaseNode.swift in Sources */ = {isa = PBXBuildFile; fileRef = 74D77D6A21D459AC00E45C68 /* BaseNode.swift */; };
		74D77D7121D4690D00E45C68 /* bulletimpact.mp3 in Resources */ = {isa = PBXBuildFile; fileRef = 74D77D7021D4690D00E45C68 /* bulletimpact.mp3 */; };
/* End PBXBuildFile section */

/* Begin PBXContainerItemProxy section */
		74D77D1E21C8452200E45C68 /* PBXContainerItemProxy */ = {
			isa = PBXContainerItemProxy;
			containerPortal = 74D77CFB21C8452100E45C68 /* Project object */;
			proxyType = 1;
			remoteGlobalIDString = 74D77D0221C8452100E45C68;
			remoteInfo = ToraTora;
		};
		74D77D2921C8452200E45C68 /* PBXContainerItemProxy */ = {
			isa = PBXContainerItemProxy;
			containerPortal = 74D77CFB21C8452100E45C68 /* Project object */;
			proxyType = 1;
			remoteGlobalIDString = 74D77D0221C8452100E45C68;
			remoteInfo = ToraTora;
		};
/* End PBXContainerItemProxy section */

/* Begin PBXFileReference section */
		7472E97E21FEC07A00E15E6B /* bensound-highoctane.mp3 */ = {isa = PBXFileReference; lastKnownFileType = audio.mp3; name = "bensound-highoctane.mp3"; path = "../../../../Downloads/bensound-highoctane.mp3"; sourceTree = "<group>"; };
		74D77D0321C8452100E45C68 /* ToraTora.app */ = {isa = PBXFileReference; explicitFileType = wrapper.application; includeInIndex = 0; path = ToraTora.app; sourceTree = BUILT_PRODUCTS_DIR; };
		74D77D0621C8452100E45C68 /* AppDelegate.swift */ = {isa = PBXFileReference; lastKnownFileType = sourcecode.swift; path = AppDelegate.swift; sourceTree = "<group>"; };
		74D77D0821C8452100E45C68 /* GameScene.sks */ = {isa = PBXFileReference; lastKnownFileType = file.sks; path = GameScene.sks; sourceTree = "<group>"; };
		74D77D0A21C8452100E45C68 /* Actions.sks */ = {isa = PBXFileReference; lastKnownFileType = file.sks; path = Actions.sks; sourceTree = "<group>"; };
		74D77D0C21C8452100E45C68 /* GameScene.swift */ = {isa = PBXFileReference; lastKnownFileType = sourcecode.swift; path = GameScene.swift; sourceTree = "<group>"; };
		74D77D0E21C8452100E45C68 /* GameViewController.swift */ = {isa = PBXFileReference; lastKnownFileType = sourcecode.swift; path = GameViewController.swift; sourceTree = "<group>"; };
		74D77D1121C8452100E45C68 /* Base */ = {isa = PBXFileReference; lastKnownFileType = file.storyboard; name = Base; path = Base.lproj/Main.storyboard; sourceTree = "<group>"; };
		74D77D1321C8452200E45C68 /* Assets.xcassets */ = {isa = PBXFileReference; lastKnownFileType = folder.assetcatalog; path = Assets.xcassets; sourceTree = "<group>"; };
		74D77D1621C8452200E45C68 /* Base */ = {isa = PBXFileReference; lastKnownFileType = file.storyboard; name = Base; path = Base.lproj/LaunchScreen.storyboard; sourceTree = "<group>"; };
		74D77D1821C8452200E45C68 /* Info.plist */ = {isa = PBXFileReference; lastKnownFileType = text.plist.xml; path = Info.plist; sourceTree = "<group>"; };
		74D77D1D21C8452200E45C68 /* ToraToraTests.xctest */ = {isa = PBXFileReference; explicitFileType = wrapper.cfbundle; includeInIndex = 0; path = ToraToraTests.xctest; sourceTree = BUILT_PRODUCTS_DIR; };
		74D77D2121C8452200E45C68 /* ToraToraTests.swift */ = {isa = PBXFileReference; lastKnownFileType = sourcecode.swift; path = ToraToraTests.swift; sourceTree = "<group>"; };
		74D77D2321C8452200E45C68 /* Info.plist */ = {isa = PBXFileReference; lastKnownFileType = text.plist.xml; path = Info.plist; sourceTree = "<group>"; };
		74D77D2821C8452200E45C68 /* ToraToraUITests.xctest */ = {isa = PBXFileReference; explicitFileType = wrapper.cfbundle; includeInIndex = 0; path = ToraToraUITests.xctest; sourceTree = BUILT_PRODUCTS_DIR; };
		74D77D2C21C8452200E45C68 /* ToraToraUITests.swift */ = {isa = PBXFileReference; lastKnownFileType = sourcecode.swift; path = ToraToraUITests.swift; sourceTree = "<group>"; };
		74D77D2E21C8452200E45C68 /* Info.plist */ = {isa = PBXFileReference; lastKnownFileType = text.plist.xml; path = Info.plist; sourceTree = "<group>"; };
		74D77D3A21C8D85700E45C68 /* TitleScene.swift */ = {isa = PBXFileReference; lastKnownFileType = sourcecode.swift; path = TitleScene.swift; sourceTree = "<group>"; };
		74D77D3C21C8D89000E45C68 /* TitleScene.sks */ = {isa = PBXFileReference; lastKnownFileType = file.sks; path = TitleScene.sks; sourceTree = "<group>"; };
		74D77D4C21CC4FF200E45C68 /* gunshot.mp3 */ = {isa = PBXFileReference; lastKnownFileType = audio.mp3; name = gunshot.mp3; path = ../../../../Documents/ToraTora/gunshot.mp3; sourceTree = "<group>"; };
		74D77D4E21CC518500E45C68 /* explosion.wav */ = {isa = PBXFileReference; lastKnownFileType = audio.wav; name = explosion.wav; path = ../../../../Downloads/explosion.wav; sourceTree = "<group>"; };
		74D77D5021CC545600E45C68 /* missile01.mp3 */ = {isa = PBXFileReference; lastKnownFileType = audio.mp3; name = missile01.mp3; path = ../../../../Downloads/missile01.mp3; sourceTree = "<group>"; };
		74D77D5221CC555C00E45C68 /* missile02.mp3 */ = {isa = PBXFileReference; lastKnownFileType = audio.mp3; name = missile02.mp3; path = ../../../../Downloads/missile02.mp3; sourceTree = "<group>"; };
		74D77D5421D189D300E45C68 /* Constants.swift */ = {isa = PBXFileReference; lastKnownFileType = sourcecode.swift; path = Constants.swift; sourceTree = "<group>"; };
		74D77D5621D18C2D00E45C68 /* PlayerNode.swift */ = {isa = PBXFileReference; lastKnownFileType = sourcecode.swift; path = PlayerNode.swift; sourceTree = "<group>"; };
		74D77D5821D196CE00E45C68 /* PlayerProjectileNode.swift */ = {isa = PBXFileReference; lastKnownFileType = sourcecode.swift; path = PlayerProjectileNode.swift; sourceTree = "<group>"; };
		74D77D5A21D19FC600E45C68 /* BattleShipNode.swift */ = {isa = PBXFileReference; lastKnownFileType = sourcecode.swift; path = BattleShipNode.swift; sourceTree = "<group>"; };
		74D77D5C21D1A0FF00E45C68 /* EnemyExplosionNode.swift */ = {isa = PBXFileReference; lastKnownFileType = sourcecode.swift; path = EnemyExplosionNode.swift; sourceTree = "<group>"; };
		74D77D5E21D1A1D000E45C68 /* EnemyProjectileNode.swift */ = {isa = PBXFileReference; lastKnownFileType = sourcecode.swift; path = EnemyProjectileNode.swift; sourceTree = "<group>"; };
		74D77D6021D1A2D100E45C68 /* BattleShipProjectileNode.swift */ = {isa = PBXFileReference; lastKnownFileType = sourcecode.swift; path = BattleShipProjectileNode.swift; sourceTree = "<group>"; };
		74D77D6221D1A39D00E45C68 /* EnemyGermanPlaneNode.swift */ = {isa = PBXFileReference; lastKnownFileType = sourcecode.swift; path = EnemyGermanPlaneNode.swift; sourceTree = "<group>"; };
		74D77D6421D1A44A00E45C68 /* EnemyAmericanPlaneNode.swift */ = {isa = PBXFileReference; lastKnownFileType = sourcecode.swift; path = EnemyAmericanPlaneNode.swift; sourceTree = "<group>"; };
		74D77D6621D448BB00E45C68 /* Hittable.swift */ = {isa = PBXFileReference; lastKnownFileType = sourcecode.swift; path = Hittable.swift; sourceTree = "<group>"; };
		74D77D6821D44CA600E45C68 /* Destroyable.swift */ = {isa = PBXFileReference; lastKnownFileType = sourcecode.swift; path = Destroyable.swift; sourceTree = "<group>"; };
		74D77D6A21D459AC00E45C68 /* BaseNode.swift */ = {isa = PBXFileReference; lastKnownFileType = sourcecode.swift; path = BaseNode.swift; sourceTree = "<group>"; };
		74D77D7021D4690D00E45C68 /* bulletimpact.mp3 */ = {isa = PBXFileReference; lastKnownFileType = audio.mp3; name = bulletimpact.mp3; path = ../../../../Documents/ToraTora/bulletimpact.mp3; sourceTree = "<group>"; };
/* End PBXFileReference section */

/* Begin PBXFrameworksBuildPhase section */
		74D77D0021C8452100E45C68 /* Frameworks */ = {
			isa = PBXFrameworksBuildPhase;
			buildActionMask = 2147483647;
			files = (
			);
			runOnlyForDeploymentPostprocessing = 0;
		};
		74D77D1A21C8452200E45C68 /* Frameworks */ = {
			isa = PBXFrameworksBuildPhase;
			buildActionMask = 2147483647;
			files = (
			);
			runOnlyForDeploymentPostprocessing = 0;
		};
		74D77D2521C8452200E45C68 /* Frameworks */ = {
			isa = PBXFrameworksBuildPhase;
			buildActionMask = 2147483647;
			files = (
			);
			runOnlyForDeploymentPostprocessing = 0;
		};
/* End PBXFrameworksBuildPhase section */

/* Begin PBXGroup section */
		74D77CFA21C8452100E45C68 = {
			isa = PBXGroup;
			children = (
				74D77D0521C8452100E45C68 /* ToraTora */,
				74D77D2021C8452200E45C68 /* ToraToraTests */,
				74D77D2B21C8452200E45C68 /* ToraToraUITests */,
				74D77D0421C8452100E45C68 /* Products */,
			);
			sourceTree = "<group>";
		};
		74D77D0421C8452100E45C68 /* Products */ = {
			isa = PBXGroup;
			children = (
				74D77D0321C8452100E45C68 /* ToraTora.app */,
				74D77D1D21C8452200E45C68 /* ToraToraTests.xctest */,
				74D77D2821C8452200E45C68 /* ToraToraUITests.xctest */,
			);
			name = Products;
			sourceTree = "<group>";
		};
		74D77D0521C8452100E45C68 /* ToraTora */ = {
			isa = PBXGroup;
			children = (
				7472E97E21FEC07A00E15E6B /* bensound-highoctane.mp3 */,
				74D77D7021D4690D00E45C68 /* bulletimpact.mp3 */,
				74D77D5221CC555C00E45C68 /* missile02.mp3 */,
				74D77D5021CC545600E45C68 /* missile01.mp3 */,
				74D77D4E21CC518500E45C68 /* explosion.wav */,
				74D77D4C21CC4FF200E45C68 /* gunshot.mp3 */,
				74D77D0621C8452100E45C68 /* AppDelegate.swift */,
				74D77D0821C8452100E45C68 /* GameScene.sks */,
				74D77D0A21C8452100E45C68 /* Actions.sks */,
				74D77D0C21C8452100E45C68 /* GameScene.swift */,
				74D77D0E21C8452100E45C68 /* GameViewController.swift */,
				74D77D1021C8452100E45C68 /* Main.storyboard */,
				74D77D1321C8452200E45C68 /* Assets.xcassets */,
				74D77D1521C8452200E45C68 /* LaunchScreen.storyboard */,
				74D77D1821C8452200E45C68 /* Info.plist */,
				74D77D3A21C8D85700E45C68 /* TitleScene.swift */,
				74D77D3C21C8D89000E45C68 /* TitleScene.sks */,
				74D77D5421D189D300E45C68 /* Constants.swift */,
				74D77D5621D18C2D00E45C68 /* PlayerNode.swift */,
				74D77D5821D196CE00E45C68 /* PlayerProjectileNode.swift */,
				74D77D5A21D19FC600E45C68 /* BattleShipNode.swift */,
				74D77D5C21D1A0FF00E45C68 /* EnemyExplosionNode.swift */,
				74D77D5E21D1A1D000E45C68 /* EnemyProjectileNode.swift */,
				74D77D6021D1A2D100E45C68 /* BattleShipProjectileNode.swift */,
				74D77D6221D1A39D00E45C68 /* EnemyGermanPlaneNode.swift */,
				74D77D6421D1A44A00E45C68 /* EnemyAmericanPlaneNode.swift */,
				74D77D6621D448BB00E45C68 /* Hittable.swift */,
				74D77D6821D44CA600E45C68 /* Destroyable.swift */,
				74D77D6A21D459AC00E45C68 /* BaseNode.swift */,
			);
			path = ToraTora;
			sourceTree = "<group>";
		};
		74D77D2021C8452200E45C68 /* ToraToraTests */ = {
			isa = PBXGroup;
			children = (
				74D77D2121C8452200E45C68 /* ToraToraTests.swift */,
				74D77D2321C8452200E45C68 /* Info.plist */,
			);
			path = ToraToraTests;
			sourceTree = "<group>";
		};
		74D77D2B21C8452200E45C68 /* ToraToraUITests */ = {
			isa = PBXGroup;
			children = (
				74D77D2C21C8452200E45C68 /* ToraToraUITests.swift */,
				74D77D2E21C8452200E45C68 /* Info.plist */,
			);
			path = ToraToraUITests;
			sourceTree = "<group>";
		};
/* End PBXGroup section */

/* Begin PBXNativeTarget section */
		74D77D0221C8452100E45C68 /* ToraTora */ = {
			isa = PBXNativeTarget;
			buildConfigurationList = 74D77D3121C8452200E45C68 /* Build configuration list for PBXNativeTarget "ToraTora" */;
			buildPhases = (
				74D77CFF21C8452100E45C68 /* Sources */,
				74D77D0021C8452100E45C68 /* Frameworks */,
				74D77D0121C8452100E45C68 /* Resources */,
			);
			buildRules = (
			);
			dependencies = (
			);
			name = ToraTora;
			productName = ToraTora;
			productReference = 74D77D0321C8452100E45C68 /* ToraTora.app */;
			productType = "com.apple.product-type.application";
		};
		74D77D1C21C8452200E45C68 /* ToraToraTests */ = {
			isa = PBXNativeTarget;
			buildConfigurationList = 74D77D3421C8452200E45C68 /* Build configuration list for PBXNativeTarget "ToraToraTests" */;
			buildPhases = (
				74D77D1921C8452200E45C68 /* Sources */,
				74D77D1A21C8452200E45C68 /* Frameworks */,
				74D77D1B21C8452200E45C68 /* Resources */,
			);
			buildRules = (
			);
			dependencies = (
				74D77D1F21C8452200E45C68 /* PBXTargetDependency */,
			);
			name = ToraToraTests;
			productName = ToraToraTests;
			productReference = 74D77D1D21C8452200E45C68 /* ToraToraTests.xctest */;
			productType = "com.apple.product-type.bundle.unit-test";
		};
		74D77D2721C8452200E45C68 /* ToraToraUITests */ = {
			isa = PBXNativeTarget;
			buildConfigurationList = 74D77D3721C8452200E45C68 /* Build configuration list for PBXNativeTarget "ToraToraUITests" */;
			buildPhases = (
				74D77D2421C8452200E45C68 /* Sources */,
				74D77D2521C8452200E45C68 /* Frameworks */,
				74D77D2621C8452200E45C68 /* Resources */,
			);
			buildRules = (
			);
			dependencies = (
				74D77D2A21C8452200E45C68 /* PBXTargetDependency */,
			);
			name = ToraToraUITests;
			productName = ToraToraUITests;
			productReference = 74D77D2821C8452200E45C68 /* ToraToraUITests.xctest */;
			productType = "com.apple.product-type.bundle.ui-testing";
		};
/* End PBXNativeTarget section */

/* Begin PBXProject section */
		74D77CFB21C8452100E45C68 /* Project object */ = {
			isa = PBXProject;
			attributes = {
				LastSwiftUpdateCheck = 1010;
				LastUpgradeCheck = 1010;
				ORGANIZATIONNAME = "Marlon Peter Cardenas";
				TargetAttributes = {
					74D77D0221C8452100E45C68 = {
						CreatedOnToolsVersion = 10.1;
					};
					74D77D1C21C8452200E45C68 = {
						CreatedOnToolsVersion = 10.1;
						TestTargetID = 74D77D0221C8452100E45C68;
					};
					74D77D2721C8452200E45C68 = {
						CreatedOnToolsVersion = 10.1;
						TestTargetID = 74D77D0221C8452100E45C68;
					};
				};
			};
			buildConfigurationList = 74D77CFE21C8452100E45C68 /* Build configuration list for PBXProject "ToraTora" */;
			compatibilityVersion = "Xcode 9.3";
			developmentRegion = en;
			hasScannedForEncodings = 0;
			knownRegions = (
				en,
				Base,
			);
			mainGroup = 74D77CFA21C8452100E45C68;
			productRefGroup = 74D77D0421C8452100E45C68 /* Products */;
			projectDirPath = "";
			projectRoot = "";
			targets = (
				74D77D0221C8452100E45C68 /* ToraTora */,
				74D77D1C21C8452200E45C68 /* ToraToraTests */,
				74D77D2721C8452200E45C68 /* ToraToraUITests */,
			);
		};
/* End PBXProject section */

/* Begin PBXResourcesBuildPhase section */
		74D77D0121C8452100E45C68 /* Resources */ = {
			isa = PBXResourcesBuildPhase;
			buildActionMask = 2147483647;
			files = (
				74D77D1221C8452100E45C68 /* Main.storyboard in Resources */,
				74D77D0921C8452100E45C68 /* GameScene.sks in Resources */,
				74D77D5121CC545600E45C68 /* missile01.mp3 in Resources */,
				74D77D4F21CC518500E45C68 /* explosion.wav in Resources */,
				74D77D7121D4690D00E45C68 /* bulletimpact.mp3 in Resources */,
				74D77D1421C8452200E45C68 /* Assets.xcassets in Resources */,
				74D77D1721C8452200E45C68 /* LaunchScreen.storyboard in Resources */,
				74D77D4D21CC4FF200E45C68 /* gunshot.mp3 in Resources */,
				74D77D0B21C8452100E45C68 /* Actions.sks in Resources */,
				7472E97F21FEC07A00E15E6B /* bensound-highoctane.mp3 in Resources */,
				74D77D3D21C8D89000E45C68 /* TitleScene.sks in Resources */,
				74D77D5321CC555C00E45C68 /* missile02.mp3 in Resources */,
			);
			runOnlyForDeploymentPostprocessing = 0;
		};
		74D77D1B21C8452200E45C68 /* Resources */ = {
			isa = PBXResourcesBuildPhase;
			buildActionMask = 2147483647;
			files = (
			);
			runOnlyForDeploymentPostprocessing = 0;
		};
		74D77D2621C8452200E45C68 /* Resources */ = {
			isa = PBXResourcesBuildPhase;
			buildActionMask = 2147483647;
			files = (
			);
			runOnlyForDeploymentPostprocessing = 0;
		};
/* End PBXResourcesBuildPhase section */

/* Begin PBXSourcesBuildPhase section */
		74D77CFF21C8452100E45C68 /* Sources */ = {
			isa = PBXSourcesBuildPhase;
			buildActionMask = 2147483647;
			files = (
				74D77D5521D189D300E45C68 /* Constants.swift in Sources */,
				74D77D5F21D1A1D000E45C68 /* EnemyProjectileNode.swift in Sources */,
				74D77D0D21C8452100E45C68 /* GameScene.swift in Sources */,
				74D77D6521D1A44A00E45C68 /* EnemyAmericanPlaneNode.swift in Sources */,
				74D77D6321D1A39D00E45C68 /* EnemyGermanPlaneNode.swift in Sources */,
				74D77D5D21D1A0FF00E45C68 /* EnemyExplosionNode.swift in Sources */,
				74D77D6921D44CA600E45C68 /* Destroyable.swift in Sources */,
				74D77D6121D1A2D100E45C68 /* BattleShipProjectileNode.swift in Sources */,
				74D77D0F21C8452100E45C68 /* GameViewController.swift in Sources */,
				74D77D6721D448BB00E45C68 /* Hittable.swift in Sources */,
				74D77D6B21D459AC00E45C68 /* BaseNode.swift in Sources */,
				74D77D0721C8452100E45C68 /* AppDelegate.swift in Sources */,
				74D77D5921D196CE00E45C68 /* PlayerProjectileNode.swift in Sources */,
				74D77D5B21D19FC600E45C68 /* BattleShipNode.swift in Sources */,
				74D77D5721D18C2D00E45C68 /* PlayerNode.swift in Sources */,
				74D77D3B21C8D85700E45C68 /* TitleScene.swift in Sources */,
			);
			runOnlyForDeploymentPostprocessing = 0;
		};
		74D77D1921C8452200E45C68 /* Sources */ = {
			isa = PBXSourcesBuildPhase;
			buildActionMask = 2147483647;
			files = (
				74D77D2221C8452200E45C68 /* ToraToraTests.swift in Sources */,
			);
			runOnlyForDeploymentPostprocessing = 0;
		};
		74D77D2421C8452200E45C68 /* Sources */ = {
			isa = PBXSourcesBuildPhase;
			buildActionMask = 2147483647;
			files = (
				74D77D2D21C8452200E45C68 /* ToraToraUITests.swift in Sources */,
			);
			runOnlyForDeploymentPostprocessing = 0;
		};
/* End PBXSourcesBuildPhase section */

/* Begin PBXTargetDependency section */
		74D77D1F21C8452200E45C68 /* PBXTargetDependency */ = {
			isa = PBXTargetDependency;
			target = 74D77D0221C8452100E45C68 /* ToraTora */;
			targetProxy = 74D77D1E21C8452200E45C68 /* PBXContainerItemProxy */;
		};
		74D77D2A21C8452200E45C68 /* PBXTargetDependency */ = {
			isa = PBXTargetDependency;
			target = 74D77D0221C8452100E45C68 /* ToraTora */;
			targetProxy = 74D77D2921C8452200E45C68 /* PBXContainerItemProxy */;
		};
/* End PBXTargetDependency section */

/* Begin PBXVariantGroup section */
		74D77D1021C8452100E45C68 /* Main.storyboard */ = {
			isa = PBXVariantGroup;
			children = (
				74D77D1121C8452100E45C68 /* Base */,
			);
			name = Main.storyboard;
			sourceTree = "<group>";
		};
		74D77D1521C8452200E45C68 /* LaunchScreen.storyboard */ = {
			isa = PBXVariantGroup;
			children = (
				74D77D1621C8452200E45C68 /* Base */,
			);
			name = LaunchScreen.storyboard;
			sourceTree = "<group>";
		};
/* End PBXVariantGroup section */

/* Begin XCBuildConfiguration section */
		74D77D2F21C8452200E45C68 /* Debug */ = {
			isa = XCBuildConfiguration;
			buildSettings = {
				ALWAYS_SEARCH_USER_PATHS = NO;
				CLANG_ANALYZER_NONNULL = YES;
				CLANG_ANALYZER_NUMBER_OBJECT_CONVERSION = YES_AGGRESSIVE;
				CLANG_CXX_LANGUAGE_STANDARD = "gnu++14";
				CLANG_CXX_LIBRARY = "libc++";
				CLANG_ENABLE_MODULES = YES;
				CLANG_ENABLE_OBJC_ARC = YES;
				CLANG_ENABLE_OBJC_WEAK = YES;
				CLANG_WARN_BLOCK_CAPTURE_AUTORELEASING = YES;
				CLANG_WARN_BOOL_CONVERSION = YES;
				CLANG_WARN_COMMA = YES;
				CLANG_WARN_CONSTANT_CONVERSION = YES;
				CLANG_WARN_DEPRECATED_OBJC_IMPLEMENTATIONS = YES;
				CLANG_WARN_DIRECT_OBJC_ISA_USAGE = YES_ERROR;
				CLANG_WARN_DOCUMENTATION_COMMENTS = YES;
				CLANG_WARN_EMPTY_BODY = YES;
				CLANG_WARN_ENUM_CONVERSION = YES;
				CLANG_WARN_INFINITE_RECURSION = YES;
				CLANG_WARN_INT_CONVERSION = YES;
				CLANG_WARN_NON_LITERAL_NULL_CONVERSION = YES;
				CLANG_WARN_OBJC_IMPLICIT_RETAIN_SELF = YES;
				CLANG_WARN_OBJC_LITERAL_CONVERSION = YES;
				CLANG_WARN_OBJC_ROOT_CLASS = YES_ERROR;
				CLANG_WARN_RANGE_LOOP_ANALYSIS = YES;
				CLANG_WARN_STRICT_PROTOTYPES = YES;
				CLANG_WARN_SUSPICIOUS_MOVE = YES;
				CLANG_WARN_UNGUARDED_AVAILABILITY = YES_AGGRESSIVE;
				CLANG_WARN_UNREACHABLE_CODE = YES;
				CLANG_WARN__DUPLICATE_METHOD_MATCH = YES;
				CODE_SIGN_IDENTITY = "iPhone Developer";
				COPY_PHASE_STRIP = NO;
				DEBUG_INFORMATION_FORMAT = dwarf;
				ENABLE_STRICT_OBJC_MSGSEND = YES;
				ENABLE_TESTABILITY = YES;
				GCC_C_LANGUAGE_STANDARD = gnu11;
				GCC_DYNAMIC_NO_PIC = NO;
				GCC_NO_COMMON_BLOCKS = YES;
				GCC_OPTIMIZATION_LEVEL = 0;
				GCC_PREPROCESSOR_DEFINITIONS = (
					"DEBUG=1",
					"$(inherited)",
				);
				GCC_WARN_64_TO_32_BIT_CONVERSION = YES;
				GCC_WARN_ABOUT_RETURN_TYPE = YES_ERROR;
				GCC_WARN_UNDECLARED_SELECTOR = YES;
				GCC_WARN_UNINITIALIZED_AUTOS = YES_AGGRESSIVE;
				GCC_WARN_UNUSED_FUNCTION = YES;
				GCC_WARN_UNUSED_VARIABLE = YES;
				IPHONEOS_DEPLOYMENT_TARGET = 11.0;
				MTL_ENABLE_DEBUG_INFO = INCLUDE_SOURCE;
				MTL_FAST_MATH = YES;
				ONLY_ACTIVE_ARCH = YES;
				SDKROOT = iphoneos;
				SWIFT_ACTIVE_COMPILATION_CONDITIONS = DEBUG;
				SWIFT_OPTIMIZATION_LEVEL = "-Onone";
			};
			name = Debug;
		};
		74D77D3021C8452200E45C68 /* Release */ = {
			isa = XCBuildConfiguration;
			buildSettings = {
				ALWAYS_SEARCH_USER_PATHS = NO;
				CLANG_ANALYZER_NONNULL = YES;
				CLANG_ANALYZER_NUMBER_OBJECT_CONVERSION = YES_AGGRESSIVE;
				CLANG_CXX_LANGUAGE_STANDARD = "gnu++14";
				CLANG_CXX_LIBRARY = "libc++";
				CLANG_ENABLE_MODULES = YES;
				CLANG_ENABLE_OBJC_ARC = YES;
				CLANG_ENABLE_OBJC_WEAK = YES;
				CLANG_WARN_BLOCK_CAPTURE_AUTORELEASING = YES;
				CLANG_WARN_BOOL_CONVERSION = YES;
				CLANG_WARN_COMMA = YES;
				CLANG_WARN_CONSTANT_CONVERSION = YES;
				CLANG_WARN_DEPRECATED_OBJC_IMPLEMENTATIONS = YES;
				CLANG_WARN_DIRECT_OBJC_ISA_USAGE = YES_ERROR;
				CLANG_WARN_DOCUMENTATION_COMMENTS = YES;
				CLANG_WARN_EMPTY_BODY = YES;
				CLANG_WARN_ENUM_CONVERSION = YES;
				CLANG_WARN_INFINITE_RECURSION = YES;
				CLANG_WARN_INT_CONVERSION = YES;
				CLANG_WARN_NON_LITERAL_NULL_CONVERSION = YES;
				CLANG_WARN_OBJC_IMPLICIT_RETAIN_SELF = YES;
				CLANG_WARN_OBJC_LITERAL_CONVERSION = YES;
				CLANG_WARN_OBJC_ROOT_CLASS = YES_ERROR;
				CLANG_WARN_RANGE_LOOP_ANALYSIS = YES;
				CLANG_WARN_STRICT_PROTOTYPES = YES;
				CLANG_WARN_SUSPICIOUS_MOVE = YES;
				CLANG_WARN_UNGUARDED_AVAILABILITY = YES_AGGRESSIVE;
				CLANG_WARN_UNREACHABLE_CODE = YES;
				CLANG_WARN__DUPLICATE_METHOD_MATCH = YES;
				CODE_SIGN_IDENTITY = "iPhone Developer";
				COPY_PHASE_STRIP = NO;
				DEBUG_INFORMATION_FORMAT = "dwarf-with-dsym";
				ENABLE_NS_ASSERTIONS = NO;
				ENABLE_STRICT_OBJC_MSGSEND = YES;
				GCC_C_LANGUAGE_STANDARD = gnu11;
				GCC_NO_COMMON_BLOCKS = YES;
				GCC_WARN_64_TO_32_BIT_CONVERSION = YES;
				GCC_WARN_ABOUT_RETURN_TYPE = YES_ERROR;
				GCC_WARN_UNDECLARED_SELECTOR = YES;
				GCC_WARN_UNINITIALIZED_AUTOS = YES_AGGRESSIVE;
				GCC_WARN_UNUSED_FUNCTION = YES;
				GCC_WARN_UNUSED_VARIABLE = YES;
				IPHONEOS_DEPLOYMENT_TARGET = 11.0;
				MTL_ENABLE_DEBUG_INFO = NO;
				MTL_FAST_MATH = YES;
				SDKROOT = iphoneos;
				SWIFT_COMPILATION_MODE = wholemodule;
				SWIFT_OPTIMIZATION_LEVEL = "-O";
				VALIDATE_PRODUCT = YES;
			};
			name = Release;
		};
		74D77D3221C8452200E45C68 /* Debug */ = {
			isa = XCBuildConfiguration;
			buildSettings = {
				ASSETCATALOG_COMPILER_APPICON_NAME = AppIcon;
				CODE_SIGN_STYLE = Automatic;
				DEVELOPMENT_TEAM = FHZ74U9FXF;
				INFOPLIST_FILE = ToraTora/Info.plist;
				LD_RUNPATH_SEARCH_PATHS = (
					"$(inherited)",
					"@executable_path/Frameworks",
				);
				PRODUCT_BUNDLE_IDENTIFIER = nz.co.mpsc.ToraTora;
				PRODUCT_NAME = "$(TARGET_NAME)";
				SWIFT_VERSION = 4.2;
				TARGETED_DEVICE_FAMILY = "1,2";
			};
			name = Debug;
		};
		74D77D3321C8452200E45C68 /* Release */ = {
			isa = XCBuildConfiguration;
			buildSettings = {
				ASSETCATALOG_COMPILER_APPICON_NAME = AppIcon;
				CODE_SIGN_STYLE = Automatic;
				DEVELOPMENT_TEAM = FHZ74U9FXF;
				INFOPLIST_FILE = ToraTora/Info.plist;
				LD_RUNPATH_SEARCH_PATHS = (
					"$(inherited)",
					"@executable_path/Frameworks",
				);
				PRODUCT_BUNDLE_IDENTIFIER = nz.co.mpsc.ToraTora;
				PRODUCT_NAME = "$(TARGET_NAME)";
				SWIFT_VERSION = 4.2;
				TARGETED_DEVICE_FAMILY = "1,2";
			};
			name = Release;
		};
		74D77D3521C8452200E45C68 /* Debug */ = {
			isa = XCBuildConfiguration;
			buildSettings = {
				ALWAYS_EMBED_SWIFT_STANDARD_LIBRARIES = YES;
				BUNDLE_LOADER = "$(TEST_HOST)";
				CODE_SIGN_STYLE = Automatic;
				INFOPLIST_FILE = ToraToraTests/Info.plist;
				LD_RUNPATH_SEARCH_PATHS = (
					"$(inherited)",
					"@executable_path/Frameworks",
					"@loader_path/Frameworks",
				);
				PRODUCT_BUNDLE_IDENTIFIER = nz.co.mpsc.ToraToraTests;
				PRODUCT_NAME = "$(TARGET_NAME)";
				SWIFT_VERSION = 4.2;
				TARGETED_DEVICE_FAMILY = "1,2";
				TEST_HOST = "$(BUILT_PRODUCTS_DIR)/ToraTora.app/ToraTora";
			};
			name = Debug;
		};
		74D77D3621C8452200E45C68 /* Release */ = {
			isa = XCBuildConfiguration;
			buildSettings = {
				ALWAYS_EMBED_SWIFT_STANDARD_LIBRARIES = YES;
				BUNDLE_LOADER = "$(TEST_HOST)";
				CODE_SIGN_STYLE = Automatic;
				INFOPLIST_FILE = ToraToraTests/Info.plist;
				LD_RUNPATH_SEARCH_PATHS = (
					"$(inherited)",
					"@executable_path/Frameworks",
					"@loader_path/Frameworks",
				);
				PRODUCT_BUNDLE_IDENTIFIER = nz.co.mpsc.ToraToraTests;
				PRODUCT_NAME = "$(TARGET_NAME)";
				SWIFT_VERSION = 4.2;
				TARGETED_DEVICE_FAMILY = "1,2";
				TEST_HOST = "$(BUILT_PRODUCTS_DIR)/ToraTora.app/ToraTora";
			};
			name = Release;
		};
		74D77D3821C8452200E45C68 /* Debug */ = {
			isa = XCBuildConfiguration;
			buildSettings = {
				ALWAYS_EMBED_SWIFT_STANDARD_LIBRARIES = YES;
				CODE_SIGN_STYLE = Automatic;
				INFOPLIST_FILE = ToraToraUITests/Info.plist;
				LD_RUNPATH_SEARCH_PATHS = (
					"$(inherited)",
					"@executable_path/Frameworks",
					"@loader_path/Frameworks",
				);
				PRODUCT_BUNDLE_IDENTIFIER = nz.co.mpsc.ToraToraUITests;
				PRODUCT_NAME = "$(TARGET_NAME)";
				SWIFT_VERSION = 4.2;
				TARGETED_DEVICE_FAMILY = "1,2";
				TEST_TARGET_NAME = ToraTora;
			};
			name = Debug;
		};
		74D77D3921C8452200E45C68 /* Release */ = {
			isa = XCBuildConfiguration;
			buildSettings = {
				ALWAYS_EMBED_SWIFT_STANDARD_LIBRARIES = YES;
				CODE_SIGN_STYLE = Automatic;
				INFOPLIST_FILE = ToraToraUITests/Info.plist;
				LD_RUNPATH_SEARCH_PATHS = (
					"$(inherited)",
					"@executable_path/Frameworks",
					"@loader_path/Frameworks",
				);
				PRODUCT_BUNDLE_IDENTIFIER = nz.co.mpsc.ToraToraUITests;
				PRODUCT_NAME = "$(TARGET_NAME)";
				SWIFT_VERSION = 4.2;
				TARGETED_DEVICE_FAMILY = "1,2";
				TEST_TARGET_NAME = ToraTora;
			};
			name = Release;
		};
/* End XCBuildConfiguration section */

/* Begin XCConfigurationList section */
		74D77CFE21C8452100E45C68 /* Build configuration list for PBXProject "ToraTora" */ = {
			isa = XCConfigurationList;
			buildConfigurations = (
				74D77D2F21C8452200E45C68 /* Debug */,
				74D77D3021C8452200E45C68 /* Release */,
			);
			defaultConfigurationIsVisible = 0;
			defaultConfigurationName = Release;
		};
		74D77D3121C8452200E45C68 /* Build configuration list for PBXNativeTarget "ToraTora" */ = {
			isa = XCConfigurationList;
			buildConfigurations = (
				74D77D3221C8452200E45C68 /* Debug */,
				74D77D3321C8452200E45C68 /* Release */,
			);
			defaultConfigurationIsVisible = 0;
			defaultConfigurationName = Release;
		};
		74D77D3421C8452200E45C68 /* Build configuration list for PBXNativeTarget "ToraToraTests" */ = {
			isa = XCConfigurationList;
			buildConfigurations = (
				74D77D3521C8452200E45C68 /* Debug */,
				74D77D3621C8452200E45C68 /* Release */,
			);
			defaultConfigurationIsVisible = 0;
			defaultConfigurationName = Release;
		};
		74D77D3721C8452200E45C68 /* Build configuration list for PBXNativeTarget "ToraToraUITests" */ = {
			isa = XCConfigurationList;
			buildConfigurations = (
				74D77D3821C8452200E45C68 /* Debug */,
				74D77D3921C8452200E45C68 /* Release */,
			);
			defaultConfigurationIsVisible = 0;
			defaultConfigurationName = Release;
		};
/* End XCConfigurationList section */
	};
	rootObject = 74D77CFB21C8452100E45C68 /* Project object */;
}
